
Microsoft Visual Studio Solution File, Format Version 12.00
# Visual Studio Version 16
VisualStudioVersion = 16.0.34601.136
MinimumVisualStudioVersion = 10.0.40219.1
Project("{FAE04EC0-301F-11D3-BF4B-00C04F79EFBC}") = "WebBanHoa", "BT_LAB_n\WebBanHoa.csproj", "{208DE0F3-E3E7-42FC-A59D-DA80D641B78E}"
EndProject
Global
	GlobalSection(SolutionConfigurationPlatforms) = preSolution
		Debug|Any CPU = Debug|Any CPU
		Release|Any CPU = Release|Any CPU
	EndGlobalSection
	GlobalSection(ProjectConfigurationPlatforms) = postSolution
		{208DE0F3-E3E7-42FC-A59D-DA80D641B78E}.Debug|Any CPU.ActiveCfg = Debug|Any CPU
		{208DE0F3-E3E7-42FC-A59D-DA80D641B78E}.Debug|Any CPU.Build.0 = Debug|Any CPU
		{208DE0F3-E3E7-42FC-A59D-DA80D641B78E}.Release|Any CPU.ActiveCfg = Release|Any CPU
		{208DE0F3-E3E7-42FC-A59D-DA80D641B78E}.Release|Any CPU.Build.0 = Release|Any CPU
	EndGlobalSection
	GlobalSection(SolutionProperties) = preSolution
		HideSolutionNode = FALSE
	EndGlobalSection
	GlobalSection(ExtensibilityGlobals) = postSolution
		SolutionGuid = {2A140DF0-5411-4DE9-B86A-7173BC5FC51B}
	EndGlobalSection
EndGlobal
